{
    "_readme": [
        "This file locks the dependencies of your project to a known state",
        "Read more about it at http://getcomposer.org/doc/01-basic-usage.md#composer-lock-the-lock-file",
        "This file is @generated automatically"
    ],
    "hash": "f41fea9af5e692719b26a5fe1b47c727",
    "packages": [
        {
            "name": "drewm/mailchimp-api",
            "version": "dev-master",
            "source": {
                "type": "git",
                "url": "https://github.com/drewm/mailchimp-api.git",
                "reference": "0b763f05fe18610061b8289a399a9d0569036a50"
            },
            "dist": {
                "type": "zip",
                "url": "https://api.github.com/repos/drewm/mailchimp-api/zipball/0b763f05fe18610061b8289a399a9d0569036a50",
                "reference": "0b763f05fe18610061b8289a399a9d0569036a50",
                "shasum": ""
            },
            "require": {
                "php": ">=5.3"
            },
            "type": "library",
            "autoload": {
                "psr-0": {
                    "Drewm": "src/"
                }
            },
            "notification-url": "https://packagist.org/downloads/",
            "license": [
                "MIT"
            ],
            "authors": [
                {
                    "name": "Drew McLellan",
                    "homepage": "http://allinthehead.com/"
                }
            ],
            "description": "Super-simple, minimum abstraction MailChimp API v2 wrapper",
            "homepage": "https://github.com/drewm/mailchimp-api",
            "time": "2014-05-30 16:51:39"
        },
        {
            "name": "mthaml/mthaml",
            "version": "1.5.0",
            "source": {
                "type": "git",
                "url": "https://github.com/arnaud-lb/MtHaml.git",
                "reference": "f65f7e2b49d97aad65635fe392e84895ef0d44ac"
            },
            "dist": {
                "type": "zip",
                "url": "https://api.github.com/repos/arnaud-lb/MtHaml/zipball/f65f7e2b49d97aad65635fe392e84895ef0d44ac",
                "reference": "f65f7e2b49d97aad65635fe392e84895ef0d44ac",
                "shasum": ""
            },
            "require": {
                "php": ">=5.3.0"
            },
            "conflict": {
                "mthaml/mthaml-bundle": "<1.1.0"
            },
            "require-dev": {
                "coffeescript/coffeescript": "~1",
                "leafo/lessphp": "*",
                "leafo/scssphp": "*",
                "michelf/php-markdown": "~1.3",
                "twig/twig": "~1.11"
            },
            "suggest": {
                "coffeescript/coffeescript": "If you want to use :coffee or :coffeescript filter",
                "leafo/lessphp": "If you want to use :less filter",
                "leafo/scssphp": "If you want to use :scss filter",
                "michelf/php-markdown": "If you want to use :markdown filter",
                "twig/twig": "If you want to use Twig templating engine"
            },
            "type": "library",
            "autoload": {
                "psr-0": {
                    "MtHaml\\": "lib/"
                }
            },
            "notification-url": "https://packagist.org/downloads/",
            "license": [
                "MIT"
            ],
            "authors": [
                {
                    "name": "Arnaud Le Blanc",
                    "email": "arnaud.lb@gmail.com"
                }
            ],
            "description": "HAML for PHP",
            "homepage": "https://github.com/arnaud-lb/MtHaml",
            "keywords": [
                "HAML"
            ],
            "time": "2014-07-08 08:06:05"
        },
        {
            "name": "semanticwp/twig-haml-templating",
            "version": "dev-develop",
            "source": {
                "type": "git",
                "url": "https://github.com/semanticwp/twig-haml-templating.git",
                "reference": "fc23f40a7f9923c2531fe69e29c99fa132d15383"
            },
            "dist": {
                "type": "zip",
                "url": "https://api.github.com/repos/semanticwp/twig-haml-templating/zipball/fc23f40a7f9923c2531fe69e29c99fa132d15383",
                "reference": "fc23f40a7f9923c2531fe69e29c99fa132d15383",
                "shasum": ""
            },
            "require": {
                "mthaml/mthaml": "~1.2",
                "php": ">=5.4.4",
                "twig/twig": "~1.13"
            },
            "type": "library",
            "autoload": {
                "psr-0": {
                    "SemanticWP\\Templating": "lib"
                }
            },
            "license": [
                "AGPL-3.0"
            ],
            "description": "Twig templating for WordPress, using HAML syntax",
            "homepage": "http://github.com/semanticwp/twig-haml-templating",
            "keywords": [
                "haml",
                "semantic",
                "templating",
                "twig",
                "wordpress"
            ],
            "support": {
                "source": "https://github.com/semanticwp/twig-haml-templating/tree/develop",
                "issues": "https://github.com/semanticwp/twig-haml-templating/issues"
            },
            "time": "2014-08-08 13:20:52"
        },
        {
            "name": "twig/twig",
            "version": "v1.16.0",
            "source": {
                "type": "git",
                "url": "https://github.com/fabpot/Twig.git",
                "reference": "8ce37115802e257a984a82d38254884085060024"
            },
            "dist": {
                "type": "zip",
                "url": "https://api.github.com/repos/fabpot/Twig/zipball/8ce37115802e257a984a82d38254884085060024",
                "reference": "8ce37115802e257a984a82d38254884085060024",
                "shasum": ""
            },
            "require": {
                "php": ">=5.2.4"
            },
            "type": "library",
            "extra": {
                "branch-alias": {
                    "dev-master": "1.16-dev"
                }
            },
            "autoload": {
                "psr-0": {
                    "Twig_": "lib/"
                }
            },
            "notification-url": "https://packagist.org/downloads/",
            "license": [
                "BSD-3-Clause"
            ],
            "authors": [
                {
                    "name": "Fabien Potencier",
                    "email": "fabien@symfony.com",
                    "homepage": "http://fabien.potencier.org",
                    "role": "Lead Developer"
                },
                {
                    "name": "Armin Ronacher",
                    "email": "armin.ronacher@active-4.com",
                    "role": "Project Founder"
                },
                {
                    "name": "Twig Team",
                    "homepage": "https://github.com/fabpot/Twig/graphs/contributors",
                    "role": "Contributors"
                }
            ],
            "description": "Twig, the flexible, fast, and secure template language for PHP",
            "homepage": "http://twig.sensiolabs.org",
            "keywords": [
                "templating"
            ],
            "time": "2014-07-05 12:19:05"
        }
    ],
    "packages-dev": [

    ],
    "aliases": [

    ],
    "minimum-stability": "stable",
    "stability-flags": {
        "semanticwp/twig-haml-templating": 20,
        "drewm/mailchimp-api": 20
    },
    "platform": [

    ],
    "platform-dev": [

    ]
}
